
Microsoft Visual Studio Solution File, Format Version 12.00
# Visual Studio 15
VisualStudioVersion = 15.0.27004.2006
MinimumVisualStudioVersion = 10.0.40219.1
Project("{FAE04EC0-301F-11D3-BF4B-00C04F79EFBC}") = "Laboratorul 8", "Laboratorul 8\Laboratorul 8.csproj", "{B0FCD37A-03AA-40BA-9DBB-CC3D07FA30DB}"
EndProject
Global
	GlobalSection(SolutionConfigurationPlatforms) = preSolution
		Debug|Any CPU = Debug|Any CPU
		Release|Any CPU = Release|Any CPU
	EndGlobalSection
	GlobalSection(ProjectConfigurationPlatforms) = postSolution
		{B0FCD37A-03AA-40BA-9DBB-CC3D07FA30DB}.Debug|Any CPU.ActiveCfg = Debug|Any CPU
		{B0FCD37A-03AA-40BA-9DBB-CC3D07FA30DB}.Debug|Any CPU.Build.0 = Debug|Any CPU
		{B0FCD37A-03AA-40BA-9DBB-CC3D07FA30DB}.Release|Any CPU.ActiveCfg = Release|Any CPU
		{B0FCD37A-03AA-40BA-9DBB-CC3D07FA30DB}.Release|Any CPU.Build.0 = Release|Any CPU
	EndGlobalSection
	GlobalSection(SolutionProperties) = preSolution
		HideSolutionNode = FALSE
	EndGlobalSection
	GlobalSection(ExtensibilityGlobals) = postSolution
		SolutionGuid = {46C50C97-CC4D-4E0D-891B-C9F9630F912C}
	EndGlobalSection
EndGlobal
