
Microsoft Visual Studio Solution File, Format Version 12.00
# Visual Studio 15
VisualStudioVersion = 15.0.27004.2006
MinimumVisualStudioVersion = 10.0.40219.1
Project("{FAE04EC0-301F-11D3-BF4B-00C04F79EFBC}") = "Laboratorul numarul 1", "Laboratorul numarul 1.\Laboratorul numarul 1.csproj", "{6BF4801E-137E-453D-8ADB-FA6B15CA1170}"
EndProject
Global
	GlobalSection(SolutionConfigurationPlatforms) = preSolution
		Debug|Any CPU = Debug|Any CPU
		Release|Any CPU = Release|Any CPU
	EndGlobalSection
	GlobalSection(ProjectConfigurationPlatforms) = postSolution
		{6BF4801E-137E-453D-8ADB-FA6B15CA1170}.Debug|Any CPU.ActiveCfg = Debug|Any CPU
		{6BF4801E-137E-453D-8ADB-FA6B15CA1170}.Debug|Any CPU.Build.0 = Debug|Any CPU
		{6BF4801E-137E-453D-8ADB-FA6B15CA1170}.Release|Any CPU.ActiveCfg = Release|Any CPU
		{6BF4801E-137E-453D-8ADB-FA6B15CA1170}.Release|Any CPU.Build.0 = Release|Any CPU
	EndGlobalSection
	GlobalSection(SolutionProperties) = preSolution
		HideSolutionNode = FALSE
	EndGlobalSection
	GlobalSection(ExtensibilityGlobals) = postSolution
		SolutionGuid = {BF3CE63E-E9DD-4358-9F1B-4EF8917D4E53}
	EndGlobalSection
EndGlobal
